
Microsoft Visual Studio Solution File, Format Version 12.00
# Visual Studio Version 16
VisualStudioVersion = 16.0.30204.135
MinimumVisualStudioVersion = 10.0.40219.1
Project("{FAE04EC0-301F-11D3-BF4B-00C04F79EFBC}") = "ErrorBugRepro", "ErrorBugRepro\ErrorBugRepro.csproj", "{679D4E11-18A2-48A7-9331-F5119F1A6A2D}"
EndProject
Global
	GlobalSection(SolutionConfigurationPlatforms) = preSolution
		Debug|Any CPU = Debug|Any CPU
		Release|Any CPU = Release|Any CPU
	EndGlobalSection
	GlobalSection(ProjectConfigurationPlatforms) = postSolution
		{679D4E11-18A2-48A7-9331-F5119F1A6A2D}.Debug|Any CPU.ActiveCfg = Debug|Any CPU
		{679D4E11-18A2-48A7-9331-F5119F1A6A2D}.Debug|Any CPU.Build.0 = Debug|Any CPU
		{679D4E11-18A2-48A7-9331-F5119F1A6A2D}.Release|Any CPU.ActiveCfg = Release|Any CPU
		{679D4E11-18A2-48A7-9331-F5119F1A6A2D}.Release|Any CPU.Build.0 = Release|Any CPU
	EndGlobalSection
	GlobalSection(SolutionProperties) = preSolution
		HideSolutionNode = FALSE
	EndGlobalSection
	GlobalSection(ExtensibilityGlobals) = postSolution
		SolutionGuid = {5F6E22F2-1688-4622-89AF-CC139F2CB8B3}
	EndGlobalSection
EndGlobal
